name: Pipelock Security Scan

on:
  pull_request:
    branches: [main]

permissions:
  contents: read

jobs:
  security-scan:
    runs-on: ubuntu-latest
    steps:
      - uses: actions/checkout@3d3c42e5aac5ba805825da76410c181273ba90b1 # v7.0.1
        with:
          fetch-depth: 0
          persist-credentials: false

      - name: Pipelock Scan
        uses: luckyPipewrench/pipelock@4c748ab986d611138ce202ab800b16eca6fb589f # v3.4.0
        with:
          version: '3.4.0'
          scan-diff: 'true'
          fail-on-findings: 'true'
          test-vectors: 'false'
          exclude-paths: |
            .env.example
            compose.example.yml
            config/locales/views/reports/ca.yml
            config/locales/views/reports/de.yml
            config/locales/views/reports/en.yml
            config/locales/views/reports/es.yml
            config/locales/views/reports/fr.yml
            config/locales/views/reports/hu.yml
            config/locales/views/reports/it.yml
            config/locales/views/reports/nl.yml
            config/locales/views/reports/pl.yml
            config/locales/views/reports/pt-BR.yml
            config/locales/views/reports/ro.yml
            config/locales/views/reports/ru.yml
            config/locales/views/reports/tr.yml
            config/locales/views/reports/uk.yml
            config/locales/views/reports/vi.yml
            config/locales/views/reports/zh-CN.yml
            config/locales/views/reports/zh-TW.yml

      - name: Validate Compose example
        env:
          RELAY_IMAGE: relay:validation-only
          POSTGRES_PASSWORD: configuration-validation-only
          SECRET_KEY_BASE: configuration-validation-only
        run: docker compose -f compose.example.yml config --quiet
